
Microsoft Visual Studio Solution File, Format Version 12.00
# Visual Studio Version 16
VisualStudioVersion = 16.0.31829.152
MinimumVisualStudioVersion = 10.0.40219.1
Project("{FAE04EC0-301F-11D3-BF4B-00C04F79EFBC}") = "arrayList", "arrayList.csproj", "{CE13847A-361F-4CAC-9719-45E5A2BE2B2A}"
EndProject
Global
	GlobalSection(SolutionConfigurationPlatforms) = preSolution
		Debug|Any CPU = Debug|Any CPU
		Release|Any CPU = Release|Any CPU
	EndGlobalSection
	GlobalSection(ProjectConfigurationPlatforms) = postSolution
		{CE13847A-361F-4CAC-9719-45E5A2BE2B2A}.Debug|Any CPU.ActiveCfg = Debug|Any CPU
		{CE13847A-361F-4CAC-9719-45E5A2BE2B2A}.Debug|Any CPU.Build.0 = Debug|Any CPU
		{CE13847A-361F-4CAC-9719-45E5A2BE2B2A}.Release|Any CPU.ActiveCfg = Release|Any CPU
		{CE13847A-361F-4CAC-9719-45E5A2BE2B2A}.Release|Any CPU.Build.0 = Release|Any CPU
	EndGlobalSection
	GlobalSection(SolutionProperties) = preSolution
		HideSolutionNode = FALSE
	EndGlobalSection
	GlobalSection(ExtensibilityGlobals) = postSolution
		SolutionGuid = {72377BB0-3282-4754-9208-B4EA7486C4C3}
	EndGlobalSection
EndGlobal
